
Microsoft Visual Studio Solution File, Format Version 12.00
# Visual Studio Version 17
VisualStudioVersion = 17.12.35527.113
MinimumVisualStudioVersion = 10.0.40219.1
Project("{FAE04EC0-301F-11D3-BF4B-00C04F79EFBC}") = "DesignPatterns", "DesignPatterns\DesignPatterns.csproj", "{4BE5B84D-9E77-4D65-B4BC-175863F19A98}"
EndProject
Project("{FAE04EC0-301F-11D3-BF4B-00C04F79EFBC}") = "Prototype", "CreationalPatterns\Prototype\Prototype.csproj", "{0986776C-2E63-46C5-846E-B272005EF0B3}"
EndProject
Project("{FAE04EC0-301F-11D3-BF4B-00C04F79EFBC}") = "FactoryMethod", "CreationalPatterns\FactoryMethod\FactoryMethod.csproj", "{0580C099-3CE1-4A8A-990E-6F29A7B92380}"
EndProject
Project("{FAE04EC0-301F-11D3-BF4B-00C04F79EFBC}") = "Builder", "CreationalPatterns\Builder\Builder.csproj", "{DFCCE1B3-4499-4C39-9172-2D5CDDAF1A19}"
EndProject
Project("{FAE04EC0-301F-11D3-BF4B-00C04F79EFBC}") = "Bridge", "Structural Patterns\Bridge\Bridge.csproj", "{5B0A8149-75A1-4A15-A43B-CDBAEC0242C5}"
EndProject
Project("{FAE04EC0-301F-11D3-BF4B-00C04F79EFBC}") = "Proxy", "Structural Patterns\Proxy\Proxy.csproj", "{B059E13A-378D-4B7F-9A24-420369F86EAC}"
EndProject
Project("{FAE04EC0-301F-11D3-BF4B-00C04F79EFBC}") = "Decorator", "Structural Patterns\Decorator\Decorator.csproj", "{9453A511-D0DE-4F43-AD71-3E98978AEE43}"
EndProject
Project("{FAE04EC0-301F-11D3-BF4B-00C04F79EFBC}") = "Adapter", "Structural Patterns\Adapter\Adapter.csproj", "{2D7F7DFE-D83B-4420-9735-C5FA23F78B82}"
EndProject
Project("{FAE04EC0-301F-11D3-BF4B-00C04F79EFBC}") = "Facade", "Structural Patterns\Facade\Facade.csproj", "{8AE072BB-A1BA-4872-AE18-80FADC395F9E}"
EndProject
Project("{FAE04EC0-301F-11D3-BF4B-00C04F79EFBC}") = "Composite", "Structural Patterns\Composite\Composite.csproj", "{ED98D39D-CC15-4901-A175-9674CB82C68B}"
EndProject
Project("{FAE04EC0-301F-11D3-BF4B-00C04F79EFBC}") = "Flyweight", "Structural Patterns\Flyweight\Flyweight.csproj", "{EA232C62-CD5B-40EC-9D0B-897E417FB6DC}"
EndProject
Project("{FAE04EC0-301F-11D3-BF4B-00C04F79EFBC}") = "ChainOfResponsibility", "Behavioral Patterns\ChainOfResponsibility\ChainOfResponsibility.csproj", "{5029AD56-F09D-4D3A-9CB7-D7BB760FA560}"
EndProject
Project("{FAE04EC0-301F-11D3-BF4B-00C04F79EFBC}") = "Command", "Behavioral Patterns\Command\Command.csproj", "{5E8ED2CA-E33F-4A5F-ABD0-E9A633AD6865}"
EndProject
Project("{FAE04EC0-301F-11D3-BF4B-00C04F79EFBC}") = "Iterator", "Behavioral Patterns\Iterator\Iterator.csproj", "{0EC4B82C-E694-4510-BC1E-396B3DBB3B5D}"
EndProject
Project("{FAE04EC0-301F-11D3-BF4B-00C04F79EFBC}") = "Memento", "Behavioral Patterns\Memento\Memento.csproj", "{C684EA42-7A0A-474A-BEC1-EC00694FB494}"
EndProject
Project("{FAE04EC0-301F-11D3-BF4B-00C04F79EFBC}") = "Observer", "Behavioral Patterns\Observer\Observer.csproj", "{04B88058-E8C4-49B4-A90C-21150D30BC2F}"
EndProject
Project("{FAE04EC0-301F-11D3-BF4B-00C04F79EFBC}") = "Visitor", "Behavioral Patterns\Visitor\Visitor.csproj", "{EADB007C-72BC-4E32-A400-74266F53276B}"
EndProject
Global
	GlobalSection(SolutionConfigurationPlatforms) = preSolution
		Debug|Any CPU = Debug|Any CPU
		Release|Any CPU = Release|Any CPU
	EndGlobalSection
	GlobalSection(ProjectConfigurationPlatforms) = postSolution
		{4BE5B84D-9E77-4D65-B4BC-175863F19A98}.Debug|Any CPU.ActiveCfg = Debug|Any CPU
		{4BE5B84D-9E77-4D65-B4BC-175863F19A98}.Debug|Any CPU.Build.0 = Debug|Any CPU
		{4BE5B84D-9E77-4D65-B4BC-175863F19A98}.Release|Any CPU.ActiveCfg = Release|Any CPU
		{4BE5B84D-9E77-4D65-B4BC-175863F19A98}.Release|Any CPU.Build.0 = Release|Any CPU
		{0986776C-2E63-46C5-846E-B272005EF0B3}.Debug|Any CPU.ActiveCfg = Debug|Any CPU
		{0986776C-2E63-46C5-846E-B272005EF0B3}.Debug|Any CPU.Build.0 = Debug|Any CPU
		{0986776C-2E63-46C5-846E-B272005EF0B3}.Release|Any CPU.ActiveCfg = Release|Any CPU
		{0986776C-2E63-46C5-846E-B272005EF0B3}.Release|Any CPU.Build.0 = Release|Any CPU
		{0580C099-3CE1-4A8A-990E-6F29A7B92380}.Debug|Any CPU.ActiveCfg = Debug|Any CPU
		{0580C099-3CE1-4A8A-990E-6F29A7B92380}.Debug|Any CPU.Build.0 = Debug|Any CPU
		{0580C099-3CE1-4A8A-990E-6F29A7B92380}.Release|Any CPU.ActiveCfg = Release|Any CPU
		{0580C099-3CE1-4A8A-990E-6F29A7B92380}.Release|Any CPU.Build.0 = Release|Any CPU
		{DFCCE1B3-4499-4C39-9172-2D5CDDAF1A19}.Debug|Any CPU.ActiveCfg = Debug|Any CPU
		{DFCCE1B3-4499-4C39-9172-2D5CDDAF1A19}.Debug|Any CPU.Build.0 = Debug|Any CPU
		{DFCCE1B3-4499-4C39-9172-2D5CDDAF1A19}.Release|Any CPU.ActiveCfg = Release|Any CPU
		{DFCCE1B3-4499-4C39-9172-2D5CDDAF1A19}.Release|Any CPU.Build.0 = Release|Any CPU
		{5B0A8149-75A1-4A15-A43B-CDBAEC0242C5}.Debug|Any CPU.ActiveCfg = Debug|Any CPU
		{5B0A8149-75A1-4A15-A43B-CDBAEC0242C5}.Debug|Any CPU.Build.0 = Debug|Any CPU
		{5B0A8149-75A1-4A15-A43B-CDBAEC0242C5}.Release|Any CPU.ActiveCfg = Release|Any CPU
		{5B0A8149-75A1-4A15-A43B-CDBAEC0242C5}.Release|Any CPU.Build.0 = Release|Any CPU
		{B059E13A-378D-4B7F-9A24-420369F86EAC}.Debug|Any CPU.ActiveCfg = Debug|Any CPU
		{B059E13A-378D-4B7F-9A24-420369F86EAC}.Debug|Any CPU.Build.0 = Debug|Any CPU
		{B059E13A-378D-4B7F-9A24-420369F86EAC}.Release|Any CPU.ActiveCfg = Release|Any CPU
		{B059E13A-378D-4B7F-9A24-420369F86EAC}.Release|Any CPU.Build.0 = Release|Any CPU
		{9453A511-D0DE-4F43-AD71-3E98978AEE43}.Debug|Any CPU.ActiveCfg = Debug|Any CPU
		{9453A511-D0DE-4F43-AD71-3E98978AEE43}.Debug|Any CPU.Build.0 = Debug|Any CPU
		{9453A511-D0DE-4F43-AD71-3E98978AEE43}.Release|Any CPU.ActiveCfg = Release|Any CPU
		{9453A511-D0DE-4F43-AD71-3E98978AEE43}.Release|Any CPU.Build.0 = Release|Any CPU
		{2D7F7DFE-D83B-4420-9735-C5FA23F78B82}.Debug|Any CPU.ActiveCfg = Debug|Any CPU
		{2D7F7DFE-D83B-4420-9735-C5FA23F78B82}.Debug|Any CPU.Build.0 = Debug|Any CPU
		{2D7F7DFE-D83B-4420-9735-C5FA23F78B82}.Release|Any CPU.ActiveCfg = Release|Any CPU
		{2D7F7DFE-D83B-4420-9735-C5FA23F78B82}.Release|Any CPU.Build.0 = Release|Any CPU
		{8AE072BB-A1BA-4872-AE18-80FADC395F9E}.Debug|Any CPU.ActiveCfg = Debug|Any CPU
		{8AE072BB-A1BA-4872-AE18-80FADC395F9E}.Debug|Any CPU.Build.0 = Debug|Any CPU
		{8AE072BB-A1BA-4872-AE18-80FADC395F9E}.Release|Any CPU.ActiveCfg = Release|Any CPU
		{8AE072BB-A1BA-4872-AE18-80FADC395F9E}.Release|Any CPU.Build.0 = Release|Any CPU
		{ED98D39D-CC15-4901-A175-9674CB82C68B}.Debug|Any CPU.ActiveCfg = Debug|Any CPU
		{ED98D39D-CC15-4901-A175-9674CB82C68B}.Debug|Any CPU.Build.0 = Debug|Any CPU
		{ED98D39D-CC15-4901-A175-9674CB82C68B}.Release|Any CPU.ActiveCfg = Release|Any CPU
		{ED98D39D-CC15-4901-A175-9674CB82C68B}.Release|Any CPU.Build.0 = Release|Any CPU
		{EA232C62-CD5B-40EC-9D0B-897E417FB6DC}.Debug|Any CPU.ActiveCfg = Debug|Any CPU
		{EA232C62-CD5B-40EC-9D0B-897E417FB6DC}.Debug|Any CPU.Build.0 = Debug|Any CPU
		{EA232C62-CD5B-40EC-9D0B-897E417FB6DC}.Release|Any CPU.ActiveCfg = Release|Any CPU
		{EA232C62-CD5B-40EC-9D0B-897E417FB6DC}.Release|Any CPU.Build.0 = Release|Any CPU
		{5029AD56-F09D-4D3A-9CB7-D7BB760FA560}.Debug|Any CPU.ActiveCfg = Debug|Any CPU
		{5029AD56-F09D-4D3A-9CB7-D7BB760FA560}.Debug|Any CPU.Build.0 = Debug|Any CPU
		{5029AD56-F09D-4D3A-9CB7-D7BB760FA560}.Release|Any CPU.ActiveCfg = Release|Any CPU
		{5029AD56-F09D-4D3A-9CB7-D7BB760FA560}.Release|Any CPU.Build.0 = Release|Any CPU
		{5E8ED2CA-E33F-4A5F-ABD0-E9A633AD6865}.Debug|Any CPU.ActiveCfg = Debug|Any CPU
		{5E8ED2CA-E33F-4A5F-ABD0-E9A633AD6865}.Debug|Any CPU.Build.0 = Debug|Any CPU
		{5E8ED2CA-E33F-4A5F-ABD0-E9A633AD6865}.Release|Any CPU.ActiveCfg = Release|Any CPU
		{5E8ED2CA-E33F-4A5F-ABD0-E9A633AD6865}.Release|Any CPU.Build.0 = Release|Any CPU
		{0EC4B82C-E694-4510-BC1E-396B3DBB3B5D}.Debug|Any CPU.ActiveCfg = Debug|Any CPU
		{0EC4B82C-E694-4510-BC1E-396B3DBB3B5D}.Debug|Any CPU.Build.0 = Debug|Any CPU
		{0EC4B82C-E694-4510-BC1E-396B3DBB3B5D}.Release|Any CPU.ActiveCfg = Release|Any CPU
		{0EC4B82C-E694-4510-BC1E-396B3DBB3B5D}.Release|Any CPU.Build.0 = Release|Any CPU
		{C684EA42-7A0A-474A-BEC1-EC00694FB494}.Debug|Any CPU.ActiveCfg = Debug|Any CPU
		{C684EA42-7A0A-474A-BEC1-EC00694FB494}.Debug|Any CPU.Build.0 = Debug|Any CPU
		{C684EA42-7A0A-474A-BEC1-EC00694FB494}.Release|Any CPU.ActiveCfg = Release|Any CPU
		{C684EA42-7A0A-474A-BEC1-EC00694FB494}.Release|Any CPU.Build.0 = Release|Any CPU
		{04B88058-E8C4-49B4-A90C-21150D30BC2F}.Debug|Any CPU.ActiveCfg = Debug|Any CPU
		{04B88058-E8C4-49B4-A90C-21150D30BC2F}.Debug|Any CPU.Build.0 = Debug|Any CPU
		{04B88058-E8C4-49B4-A90C-21150D30BC2F}.Release|Any CPU.ActiveCfg = Release|Any CPU
		{04B88058-E8C4-49B4-A90C-21150D30BC2F}.Release|Any CPU.Build.0 = Release|Any CPU
		{EADB007C-72BC-4E32-A400-74266F53276B}.Debug|Any CPU.ActiveCfg = Debug|Any CPU
		{EADB007C-72BC-4E32-A400-74266F53276B}.Debug|Any CPU.Build.0 = Debug|Any CPU
		{EADB007C-72BC-4E32-A400-74266F53276B}.Release|Any CPU.ActiveCfg = Release|Any CPU
		{EADB007C-72BC-4E32-A400-74266F53276B}.Release|Any CPU.Build.0 = Release|Any CPU
	EndGlobalSection
	GlobalSection(SolutionProperties) = preSolution
		HideSolutionNode = FALSE
	EndGlobalSection
EndGlobal
